<Solution>
  <Folder Name="/src/">
    <Project Path="src/Antlr4C3/Antlr4C3.csproj" />
  </Folder>
  <Folder Name="/test/">
    <Project Path="test/Antlr4C3.Tests/Antlr4C3.Tests.csproj" />
  </Folder>
  <Folder Name="/app/">
    <Project Path="app/Antlr4C3.Demo/Antlr4C3.Demo.csproj" />
  </Folder>
  <Folder Name="/grammar/">
    <Project Path="grammar/Antlr4C3.Generated/Antlr4C3.Generated.csproj" />
  </Folder>
</Solution>
